
Microsoft Visual Studio Solution File, Format Version 12.00
# Visual Studio 15
VisualStudioVersion = 15.0.28307.1340
MinimumVisualStudioVersion = 10.0.40219.1
Project("{8BC9CEB8-8B4A-11D0-8D11-00A0C91BC942}") = "VendingMachine", "VendingMachine\VendingMachine.vcxproj", "{C2E0734E-71C5-40A6-9D0F-DD76940B0EB8}"
EndProject
Project("{8BC9CEB8-8B4A-11D0-8D11-00A0C91BC942}") = "Vending_Tests", "Vending_Tests\Vending_Tests.vcxproj", "{18C4A2E6-B196-4ECA-87B1-7FF4D0D59211}"
EndProject
Global
	GlobalSection(SolutionConfigurationPlatforms) = preSolution
		Debug|x64 = Debug|x64
		Debug|x86 = Debug|x86
		Release|x64 = Release|x64
		Release|x86 = Release|x86
	EndGlobalSection
	GlobalSection(ProjectConfigurationPlatforms) = postSolution
		{C2E0734E-71C5-40A6-9D0F-DD76940B0EB8}.Debug|x64.ActiveCfg = Debug|x64
		{C2E0734E-71C5-40A6-9D0F-DD76940B0EB8}.Debug|x64.Build.0 = Debug|x64
		{C2E0734E-71C5-40A6-9D0F-DD76940B0EB8}.Debug|x86.ActiveCfg = Debug|Win32
		{C2E0734E-71C5-40A6-9D0F-DD76940B0EB8}.Debug|x86.Build.0 = Debug|Win32
		{C2E0734E-71C5-40A6-9D0F-DD76940B0EB8}.Release|x64.ActiveCfg = Release|x64
		{C2E0734E-71C5-40A6-9D0F-DD76940B0EB8}.Release|x64.Build.0 = Release|x64
		{C2E0734E-71C5-40A6-9D0F-DD76940B0EB8}.Release|x86.ActiveCfg = Release|Win32
		{C2E0734E-71C5-40A6-9D0F-DD76940B0EB8}.Release|x86.Build.0 = Release|Win32
		{18C4A2E6-B196-4ECA-87B1-7FF4D0D59211}.Debug|x64.ActiveCfg = Debug|x64
		{18C4A2E6-B196-4ECA-87B1-7FF4D0D59211}.Debug|x64.Build.0 = Debug|x64
		{18C4A2E6-B196-4ECA-87B1-7FF4D0D59211}.Debug|x86.ActiveCfg = Debug|Win32
		{18C4A2E6-B196-4ECA-87B1-7FF4D0D59211}.Debug|x86.Build.0 = Debug|Win32
		{18C4A2E6-B196-4ECA-87B1-7FF4D0D59211}.Release|x64.ActiveCfg = Release|x64
		{18C4A2E6-B196-4ECA-87B1-7FF4D0D59211}.Release|x64.Build.0 = Release|x64
		{18C4A2E6-B196-4ECA-87B1-7FF4D0D59211}.Release|x86.ActiveCfg = Release|Win32
		{18C4A2E6-B196-4ECA-87B1-7FF4D0D59211}.Release|x86.Build.0 = Release|Win32
	EndGlobalSection
	GlobalSection(SolutionProperties) = preSolution
		HideSolutionNode = FALSE
	EndGlobalSection
	GlobalSection(ExtensibilityGlobals) = postSolution
		SolutionGuid = {C0A8D997-5E4F-4235-B8B8-C42C6B8E0ECB}
	EndGlobalSection
EndGlobal
